// !$*UTF8*$!
{
	archiveVersion = 1;
	classes = {
	};
	objectVersion = 50;
	objects = {

/* Begin PBXBuildFile section */
		3B03065C25E3F11E000506A7 /* high.wav in Resources */ = {isa = PBXBuildFile; fileRef = 3B03065B25E3F11E000506A7 /* high.wav */; };
		3B03066125E3F12B000506A7 /* row.wav in Resources */ = {isa = PBXBuildFile; fileRef = 3B03066025E3F12B000506A7 /* row.wav */; };
		3B326C7625E0B8950059705C /* AppDelegate.swift in Sources */ = {isa = PBXBuildFile; fileRef = 3B326C7525E0B8950059705C /* AppDelegate.swift */; };
		3B326C7825E0B8950059705C /* GameViewController.swift in Sources */ = {isa = PBXBuildFile; fileRef = 3B326C7725E0B8950059705C /* GameViewController.swift */; };
		3B326C7B25E0B8950059705C /* Main.storyboard in Resources */ = {isa = PBXBuildFile; fileRef = 3B326C7925E0B8950059705C /* Main.storyboard */; };
		3B326C7E25E0B8950059705C /* LaunchScreen.storyboard in Resources */ = {isa = PBXBuildFile; fileRef = 3B326C7C25E0B8950059705C /* LaunchScreen.storyboard */; };
		3B326C8325E0B8950059705C /* AppleWatchFace.app in Embed Watch Content */ = {isa = PBXBuildFile; fileRef = 3B326C8225E0B8950059705C /* AppleWatchFace.app */; settings = {ATTRIBUTES = (RemoveHeadersOnCopy, ); }; };
		3B326C8925E0B8950059705C /* Interface.storyboard in Resources */ = {isa = PBXBuildFile; fileRef = 3B326C8725E0B8950059705C /* Interface.storyboard */; };
		3B326C9025E0B8950059705C /* AppleWatchFace Extension.appex in Embed App Extensions */ = {isa = PBXBuildFile; fileRef = 3B326C8F25E0B8950059705C /* AppleWatchFace Extension.appex */; settings = {ATTRIBUTES = (RemoveHeadersOnCopy, ); }; };
		3B326C9525E0B8950059705C /* InterfaceController.swift in Sources */ = {isa = PBXBuildFile; fileRef = 3B326C9425E0B8950059705C /* InterfaceController.swift */; };
		3B326C9725E0B8950059705C /* ExtensionDelegate.swift in Sources */ = {isa = PBXBuildFile; fileRef = 3B326C9625E0B8950059705C /* ExtensionDelegate.swift */; };
		3B326C9925E0B8950059705C /* Actions.sks in Resources */ = {isa = PBXBuildFile; fileRef = 3B326C6A25E0B8920059705C /* Actions.sks */; };
		3B326C9A25E0B8950059705C /* GameScene.sks in Resources */ = {isa = PBXBuildFile; fileRef = 3B326C6B25E0B8920059705C /* GameScene.sks */; };
		3B326C9B25E0B8950059705C /* GameScene.sks in Resources */ = {isa = PBXBuildFile; fileRef = 3B326C6B25E0B8920059705C /* GameScene.sks */; };
		3B326C9C25E0B8950059705C /* GameScene.swift in Sources */ = {isa = PBXBuildFile; fileRef = 3B326C6C25E0B8920059705C /* GameScene.swift */; };
		3B326C9D25E0B8950059705C /* GameScene.swift in Sources */ = {isa = PBXBuildFile; fileRef = 3B326C6C25E0B8920059705C /* GameScene.swift */; };
		3B326C9E25E0B8950059705C /* Assets.xcassets in Resources */ = {isa = PBXBuildFile; fileRef = 3B326C6D25E0B8950059705C /* Assets.xcassets */; };
		3B326C9F25E0B8950059705C /* Assets.xcassets in Resources */ = {isa = PBXBuildFile; fileRef = 3B326C6D25E0B8950059705C /* Assets.xcassets */; };
		3B326CB125E0B8D60059705C /* Assets.xcassets in Resources */ = {isa = PBXBuildFile; fileRef = 3B326CB025E0B8D60059705C /* Assets.xcassets */; };
		3B326CBB25E0CCCF0059705C /* Assets.xcassets in Resources */ = {isa = PBXBuildFile; fileRef = 3B326CBA25E0CCCF0059705C /* Assets.xcassets */; };
		3B326CC325E0D1C60059705C /* IntroInterfaceController.swift in Sources */ = {isa = PBXBuildFile; fileRef = 3B326CBF25E0CDEF0059705C /* IntroInterfaceController.swift */; };
/* End PBXBuildFile section */

/* Begin PBXContainerItemProxy section */
		3B326C8425E0B8950059705C /* PBXContainerItemProxy */ = {
			isa = PBXContainerItemProxy;
			containerPortal = 3B326C6525E0B8910059705C /* Project object */;
			proxyType = 1;
			remoteGlobalIDString = 3B326C8125E0B8950059705C;
			remoteInfo = "AppleWatchFace watchOS App";
		};
		3B326C9125E0B8950059705C /* PBXContainerItemProxy */ = {
			isa = PBXContainerItemProxy;
			containerPortal = 3B326C6525E0B8910059705C /* Project object */;
			proxyType = 1;
			remoteGlobalIDString = 3B326C8E25E0B8950059705C;
			remoteInfo = "AppleWatchFace watchOS App Extension";
		};
/* End PBXContainerItemProxy section */

/* Begin PBXCopyFilesBuildPhase section */
		3B326CA525E0B8950059705C /* Embed App Extensions */ = {
			isa = PBXCopyFilesBuildPhase;
			buildActionMask = 2147483647;
			dstPath = "";
			dstSubfolderSpec = 13;
			files = (
				3B326C9025E0B8950059705C /* AppleWatchFace Extension.appex in Embed App Extensions */,
			);
			name = "Embed App Extensions";
			runOnlyForDeploymentPostprocessing = 0;
		};
		3B326CA925E0B8950059705C /* Embed Watch Content */ = {
			isa = PBXCopyFilesBuildPhase;
			buildActionMask = 2147483647;
			dstPath = "$(CONTENTS_FOLDER_PATH)/Watch";
			dstSubfolderSpec = 16;
			files = (
				3B326C8325E0B8950059705C /* AppleWatchFace.app in Embed Watch Content */,
			);
			name = "Embed Watch Content";
			runOnlyForDeploymentPostprocessing = 0;
		};
/* End PBXCopyFilesBuildPhase section */

/* Begin PBXFileReference section */
		3B03065B25E3F11E000506A7 /* high.wav */ = {isa = PBXFileReference; lastKnownFileType = audio.wav; path = high.wav; sourceTree = "<group>"; };
		3B03066025E3F12B000506A7 /* row.wav */ = {isa = PBXFileReference; lastKnownFileType = audio.wav; path = row.wav; sourceTree = "<group>"; };
		3B326C6A25E0B8920059705C /* Actions.sks */ = {isa = PBXFileReference; lastKnownFileType = file.sks; path = Actions.sks; sourceTree = "<group>"; };
		3B326C6B25E0B8920059705C /* GameScene.sks */ = {isa = PBXFileReference; lastKnownFileType = file.sks; path = GameScene.sks; sourceTree = "<group>"; };
		3B326C6C25E0B8920059705C /* GameScene.swift */ = {isa = PBXFileReference; lastKnownFileType = sourcecode.swift; path = GameScene.swift; sourceTree = "<group>"; };
		3B326C6D25E0B8950059705C /* Assets.xcassets */ = {isa = PBXFileReference; lastKnownFileType = folder.assetcatalog; path = Assets.xcassets; sourceTree = "<group>"; };
		3B326C7225E0B8950059705C /* AppleWatchFace.app */ = {isa = PBXFileReference; explicitFileType = wrapper.application; includeInIndex = 0; path = AppleWatchFace.app; sourceTree = BUILT_PRODUCTS_DIR; };
		3B326C7525E0B8950059705C /* AppDelegate.swift */ = {isa = PBXFileReference; lastKnownFileType = sourcecode.swift; path = AppDelegate.swift; sourceTree = "<group>"; };
		3B326C7725E0B8950059705C /* GameViewController.swift */ = {isa = PBXFileReference; lastKnownFileType = sourcecode.swift; path = GameViewController.swift; sourceTree = "<group>"; };
		3B326C7A25E0B8950059705C /* Base */ = {isa = PBXFileReference; lastKnownFileType = file.storyboard; name = Base; path = Base.lproj/Main.storyboard; sourceTree = "<group>"; };
		3B326C7D25E0B8950059705C /* Base */ = {isa = PBXFileReference; lastKnownFileType = file.storyboard; name = Base; path = Base.lproj/LaunchScreen.storyboard; sourceTree = "<group>"; };
		3B326C7F25E0B8950059705C /* Info.plist */ = {isa = PBXFileReference; lastKnownFileType = text.plist.xml; path = Info.plist; sourceTree = "<group>"; };
		3B326C8225E0B8950059705C /* AppleWatchFace.app */ = {isa = PBXFileReference; explicitFileType = wrapper.application; includeInIndex = 0; path = AppleWatchFace.app; sourceTree = BUILT_PRODUCTS_DIR; };
		3B326C8825E0B8950059705C /* Base */ = {isa = PBXFileReference; lastKnownFileType = file.storyboard; name = Base; path = Base.lproj/Interface.storyboard; sourceTree = "<group>"; };
		3B326C8A25E0B8950059705C /* Info.plist */ = {isa = PBXFileReference; lastKnownFileType = text.plist.xml; path = Info.plist; sourceTree = "<group>"; };
		3B326C8F25E0B8950059705C /* AppleWatchFace Extension.appex */ = {isa = PBXFileReference; explicitFileType = "wrapper.app-extension"; includeInIndex = 0; path = "AppleWatchFace Extension.appex"; sourceTree = BUILT_PRODUCTS_DIR; };
		3B326C9425E0B8950059705C /* InterfaceController.swift */ = {isa = PBXFileReference; lastKnownFileType = sourcecode.swift; path = InterfaceController.swift; sourceTree = "<group>"; };
		3B326C9625E0B8950059705C /* ExtensionDelegate.swift */ = {isa = PBXFileReference; lastKnownFileType = sourcecode.swift; path = ExtensionDelegate.swift; sourceTree = "<group>"; };
		3B326C9825E0B8950059705C /* Info.plist */ = {isa = PBXFileReference; lastKnownFileType = text.plist.xml; path = Info.plist; sourceTree = "<group>"; };
		3B326CB025E0B8D60059705C /* Assets.xcassets */ = {isa = PBXFileReference; lastKnownFileType = folder.assetcatalog; path = Assets.xcassets; sourceTree = "<group>"; };
		3B326CBA25E0CCCF0059705C /* Assets.xcassets */ = {isa = PBXFileReference; lastKnownFileType = folder.assetcatalog; path = Assets.xcassets; sourceTree = "<group>"; };
		3B326CBF25E0CDEF0059705C /* IntroInterfaceController.swift */ = {isa = PBXFileReference; lastKnownFileType = sourcecode.swift; path = IntroInterfaceController.swift; sourceTree = "<group>"; };
/* End PBXFileReference section */

/* Begin PBXFrameworksBuildPhase section */
		3B326C6F25E0B8950059705C /* Frameworks */ = {
			isa = PBXFrameworksBuildPhase;
			buildActionMask = 2147483647;
			files = (
			);
			runOnlyForDeploymentPostprocessing = 0;
		};
		3B326C8C25E0B8950059705C /* Frameworks */ = {
			isa = PBXFrameworksBuildPhase;
			buildActionMask = 2147483647;
			files = (
			);
			runOnlyForDeploymentPostprocessing = 0;
		};
/* End PBXFrameworksBuildPhase section */

/* Begin PBXGroup section */
		3B326C6425E0B8910059705C = {
			isa = PBXGroup;
			children = (
				3B326C6925E0B8920059705C /* AppleWatchFace Shared */,
				3B326C7425E0B8950059705C /* AppleWatchFace iOS */,
				3B326C8625E0B8950059705C /* AppleWatchFace watchOS App */,
				3B326C9325E0B8950059705C /* AppleWatchFace watchOS App Extension */,
				3B326C7325E0B8950059705C /* Products */,
			);
			sourceTree = "<group>";
		};
		3B326C6925E0B8920059705C /* AppleWatchFace Shared */ = {
			isa = PBXGroup;
			children = (
				3B326C6A25E0B8920059705C /* Actions.sks */,
				3B326C6B25E0B8920059705C /* GameScene.sks */,
				3B326C6C25E0B8920059705C /* GameScene.swift */,
				3B326C6D25E0B8950059705C /* Assets.xcassets */,
			);
			path = "AppleWatchFace Shared";
			sourceTree = "<group>";
		};
		3B326C7325E0B8950059705C /* Products */ = {
			isa = PBXGroup;
			children = (
				3B326C7225E0B8950059705C /* AppleWatchFace.app */,
				3B326C8225E0B8950059705C /* AppleWatchFace.app */,
				3B326C8F25E0B8950059705C /* AppleWatchFace Extension.appex */,
			);
			name = Products;
			sourceTree = "<group>";
		};
		3B326C7425E0B8950059705C /* AppleWatchFace iOS */ = {
			isa = PBXGroup;
			children = (
				3B326C7525E0B8950059705C /* AppDelegate.swift */,
				3B326C7725E0B8950059705C /* GameViewController.swift */,
				3B326C7925E0B8950059705C /* Main.storyboard */,
				3B326C7C25E0B8950059705C /* LaunchScreen.storyboard */,
				3B326C7F25E0B8950059705C /* Info.plist */,
			);
			path = "AppleWatchFace iOS";
			sourceTree = "<group>";
		};
		3B326C8625E0B8950059705C /* AppleWatchFace watchOS App */ = {
			isa = PBXGroup;
			children = (
				3B326C8725E0B8950059705C /* Interface.storyboard */,
				3B326CBA25E0CCCF0059705C /* Assets.xcassets */,
				3B326C8A25E0B8950059705C /* Info.plist */,
			);
			path = "AppleWatchFace watchOS App";
			sourceTree = "<group>";
		};
		3B326C9325E0B8950059705C /* AppleWatchFace watchOS App Extension */ = {
			isa = PBXGroup;
			children = (
				3B326CBF25E0CDEF0059705C /* IntroInterfaceController.swift */,
				3B326C9425E0B8950059705C /* InterfaceController.swift */,
				3B326C9625E0B8950059705C /* ExtensionDelegate.swift */,
				3B326C9825E0B8950059705C /* Info.plist */,
				3B326CB025E0B8D60059705C /* Assets.xcassets */,
				3B03065B25E3F11E000506A7 /* high.wav */,
				3B03066025E3F12B000506A7 /* row.wav */,
			);
			path = "AppleWatchFace watchOS App Extension";
			sourceTree = "<group>";
		};
/* End PBXGroup section */

/* Begin PBXNativeTarget section */
		3B326C7125E0B8950059705C /* AppleWatchFace iOS */ = {
			isa = PBXNativeTarget;
			buildConfigurationList = 3B326CAA25E0B8950059705C /* Build configuration list for PBXNativeTarget "AppleWatchFace iOS" */;
			buildPhases = (
				3B326C6E25E0B8950059705C /* Sources */,
				3B326C6F25E0B8950059705C /* Frameworks */,
				3B326C7025E0B8950059705C /* Resources */,
				3B326CA925E0B8950059705C /* Embed Watch Content */,
			);
			buildRules = (
			);
			dependencies = (
				3B326C8525E0B8950059705C /* PBXTargetDependency */,
			);
			name = "AppleWatchFace iOS";
			productName = "AppleWatchFace iOS";
			productReference = 3B326C7225E0B8950059705C /* AppleWatchFace.app */;
			productType = "com.apple.product-type.application";
		};
		3B326C8125E0B8950059705C /* AppleWatchFace watchOS App */ = {
			isa = PBXNativeTarget;
			buildConfigurationList = 3B326CA625E0B8950059705C /* Build configuration list for PBXNativeTarget "AppleWatchFace watchOS App" */;
			buildPhases = (
				3B326C8025E0B8950059705C /* Resources */,
				3B326CA525E0B8950059705C /* Embed App Extensions */,
			);
			buildRules = (
			);
			dependencies = (
				3B326C9225E0B8950059705C /* PBXTargetDependency */,
			);
			name = "AppleWatchFace watchOS App";
			productName = "AppleWatchFace watchOS App";
			productReference = 3B326C8225E0B8950059705C /* AppleWatchFace.app */;
			productType = "com.apple.product-type.application.watchapp2";
		};
		3B326C8E25E0B8950059705C /* AppleWatchFace watchOS App Extension */ = {
			isa = PBXNativeTarget;
			buildConfigurationList = 3B326CA225E0B8950059705C /* Build configuration list for PBXNativeTarget "AppleWatchFace watchOS App Extension" */;
			buildPhases = (
				3B326C8B25E0B8950059705C /* Sources */,
				3B326C8C25E0B8950059705C /* Frameworks */,
				3B326C8D25E0B8950059705C /* Resources */,
			);
			buildRules = (
			);
			dependencies = (
			);
			name = "AppleWatchFace watchOS App Extension";
			productName = "AppleWatchFace watchOS App Extension";
			productReference = 3B326C8F25E0B8950059705C /* AppleWatchFace Extension.appex */;
			productType = "com.apple.product-type.watchkit2-extension";
		};
/* End PBXNativeTarget section */

/* Begin PBXProject section */
		3B326C6525E0B8910059705C /* Project object */ = {
			isa = PBXProject;
			attributes = {
				LastSwiftUpdateCheck = 1210;
				LastUpgradeCheck = 1210;
				TargetAttributes = {
					3B326C7125E0B8950059705C = {
						CreatedOnToolsVersion = 12.1;
					};
					3B326C8125E0B8950059705C = {
						CreatedOnToolsVersion = 12.1;
					};
					3B326C8E25E0B8950059705C = {
						CreatedOnToolsVersion = 12.1;
					};
				};
			};
			buildConfigurationList = 3B326C6825E0B8910059705C /* Build configuration list for PBXProject "AppleWatchFace" */;
			compatibilityVersion = "Xcode 9.3";
			developmentRegion = en;
			hasScannedForEncodings = 0;
			knownRegions = (
				en,
				Base,
			);
			mainGroup = 3B326C6425E0B8910059705C;
			productRefGroup = 3B326C7325E0B8950059705C /* Products */;
			projectDirPath = "";
			projectRoot = "";
			targets = (
				3B326C7125E0B8950059705C /* AppleWatchFace iOS */,
				3B326C8125E0B8950059705C /* AppleWatchFace watchOS App */,
				3B326C8E25E0B8950059705C /* AppleWatchFace watchOS App Extension */,
			);
		};
/* End PBXProject section */

/* Begin PBXResourcesBuildPhase section */
		3B326C7025E0B8950059705C /* Resources */ = {
			isa = PBXResourcesBuildPhase;
			buildActionMask = 2147483647;
			files = (
				3B326C9A25E0B8950059705C /* GameScene.sks in Resources */,
				3B326C7B25E0B8950059705C /* Main.storyboard in Resources */,
				3B326C9925E0B8950059705C /* Actions.sks in Resources */,
				3B326C7E25E0B8950059705C /* LaunchScreen.storyboard in Resources */,
				3B326C9E25E0B8950059705C /* Assets.xcassets in Resources */,
			);
			runOnlyForDeploymentPostprocessing = 0;
		};
		3B326C8025E0B8950059705C /* Resources */ = {
			isa = PBXResourcesBuildPhase;
			buildActionMask = 2147483647;
			files = (
				3B326C9F25E0B8950059705C /* Assets.xcassets in Resources */,
				3B326CBB25E0CCCF0059705C /* Assets.xcassets in Resources */,
				3B326C8925E0B8950059705C /* Interface.storyboard in Resources */,
			);
			runOnlyForDeploymentPostprocessing = 0;
		};
		3B326C8D25E0B8950059705C /* Resources */ = {
			isa = PBXResourcesBuildPhase;
			buildActionMask = 2147483647;
			files = (
				3B03065C25E3F11E000506A7 /* high.wav in Resources */,
				3B326CB125E0B8D60059705C /* Assets.xcassets in Resources */,
				3B326C9B25E0B8950059705C /* GameScene.sks in Resources */,
				3B03066125E3F12B000506A7 /* row.wav in Resources */,
			);
			runOnlyForDeploymentPostprocessing = 0;
		};
/* End PBXResourcesBuildPhase section */

/* Begin PBXSourcesBuildPhase section */
		3B326C6E25E0B8950059705C /* Sources */ = {
			isa = PBXSourcesBuildPhase;
			buildActionMask = 2147483647;
			files = (
				3B326C9C25E0B8950059705C /* GameScene.swift in Sources */,
				3B326C7825E0B8950059705C /* GameViewController.swift in Sources */,
				3B326C7625E0B8950059705C /* AppDelegate.swift in Sources */,
			);
			runOnlyForDeploymentPostprocessing = 0;
		};
		3B326C8B25E0B8950059705C /* Sources */ = {
			isa = PBXSourcesBuildPhase;
			buildActionMask = 2147483647;
			files = (
				3B326C9D25E0B8950059705C /* GameScene.swift in Sources */,
				3B326C9725E0B8950059705C /* ExtensionDelegate.swift in Sources */,
				3B326CC325E0D1C60059705C /* IntroInterfaceController.swift in Sources */,
				3B326C9525E0B8950059705C /* InterfaceController.swift in Sources */,
			);
			runOnlyForDeploymentPostprocessing = 0;
		};
/* End PBXSourcesBuildPhase section */

/* Begin PBXTargetDependency section */
		3B326C8525E0B8950059705C /* PBXTargetDependency */ = {
			isa = PBXTargetDependency;
			target = 3B326C8125E0B8950059705C /* AppleWatchFace watchOS App */;
			targetProxy = 3B326C8425E0B8950059705C /* PBXContainerItemProxy */;
		};
		3B326C9225E0B8950059705C /* PBXTargetDependency */ = {
			isa = PBXTargetDependency;
			target = 3B326C8E25E0B8950059705C /* AppleWatchFace watchOS App Extension */;
			targetProxy = 3B326C9125E0B8950059705C /* PBXContainerItemProxy */;
		};
/* End PBXTargetDependency section */

/* Begin PBXVariantGroup section */
		3B326C7925E0B8950059705C /* Main.storyboard */ = {
			isa = PBXVariantGroup;
			children = (
				3B326C7A25E0B8950059705C /* Base */,
			);
			name = Main.storyboard;
			sourceTree = "<group>";
		};
		3B326C7C25E0B8950059705C /* LaunchScreen.storyboard */ = {
			isa = PBXVariantGroup;
			children = (
				3B326C7D25E0B8950059705C /* Base */,
			);
			name = LaunchScreen.storyboard;
			sourceTree = "<group>";
		};
		3B326C8725E0B8950059705C /* Interface.storyboard */ = {
			isa = PBXVariantGroup;
			children = (
				3B326C8825E0B8950059705C /* Base */,
			);
			name = Interface.storyboard;
			sourceTree = "<group>";
		};
/* End PBXVariantGroup section */

/* Begin XCBuildConfiguration section */
		3B326CA025E0B8950059705C /* Debug */ = {
			isa = XCBuildConfiguration;
			buildSettings = {
				ALWAYS_SEARCH_USER_PATHS = NO;
				CLANG_ANALYZER_NONNULL = YES;
				CLANG_ANALYZER_NUMBER_OBJECT_CONVERSION = YES_AGGRESSIVE;
				CLANG_CXX_LANGUAGE_STANDARD = "gnu++14";
				CLANG_CXX_LIBRARY = "libc++";
				CLANG_ENABLE_MODULES = YES;
				CLANG_ENABLE_OBJC_ARC = YES;
				CLANG_ENABLE_OBJC_WEAK = YES;
				CLANG_WARN_BLOCK_CAPTURE_AUTORELEASING = YES;
				CLANG_WARN_BOOL_CONVERSION = YES;
				CLANG_WARN_COMMA = YES;
				CLANG_WARN_CONSTANT_CONVERSION = YES;
				CLANG_WARN_DEPRECATED_OBJC_IMPLEMENTATIONS = YES;
				CLANG_WARN_DIRECT_OBJC_ISA_USAGE = YES_ERROR;
				CLANG_WARN_DOCUMENTATION_COMMENTS = YES;
				CLANG_WARN_EMPTY_BODY = YES;
				CLANG_WARN_ENUM_CONVERSION = YES;
				CLANG_WARN_INFINITE_RECURSION = YES;
				CLANG_WARN_INT_CONVERSION = YES;
				CLANG_WARN_NON_LITERAL_NULL_CONVERSION = YES;
				CLANG_WARN_OBJC_IMPLICIT_RETAIN_SELF = YES;
				CLANG_WARN_OBJC_LITERAL_CONVERSION = YES;
				CLANG_WARN_OBJC_ROOT_CLASS = YES_ERROR;
				CLANG_WARN_QUOTED_INCLUDE_IN_FRAMEWORK_HEADER = YES;
				CLANG_WARN_RANGE_LOOP_ANALYSIS = YES;
				CLANG_WARN_STRICT_PROTOTYPES = YES;
				CLANG_WARN_SUSPICIOUS_MOVE = YES;
				CLANG_WARN_UNGUARDED_AVAILABILITY = YES_AGGRESSIVE;
				CLANG_WARN_UNREACHABLE_CODE = YES;
				CLANG_WARN__DUPLICATE_METHOD_MATCH = YES;
				COPY_PHASE_STRIP = NO;
				DEBUG_INFORMATION_FORMAT = dwarf;
				ENABLE_STRICT_OBJC_MSGSEND = YES;
				ENABLE_TESTABILITY = YES;
				GCC_C_LANGUAGE_STANDARD = gnu11;
				GCC_DYNAMIC_NO_PIC = NO;
				GCC_NO_COMMON_BLOCKS = YES;
				GCC_OPTIMIZATION_LEVEL = 0;
				GCC_PREPROCESSOR_DEFINITIONS = (
					"DEBUG=1",
					"$(inherited)",
				);
				GCC_WARN_64_TO_32_BIT_CONVERSION = YES;
				GCC_WARN_ABOUT_RETURN_TYPE = YES_ERROR;
				GCC_WARN_UNDECLARED_SELECTOR = YES;
				GCC_WARN_UNINITIALIZED_AUTOS = YES_AGGRESSIVE;
				GCC_WARN_UNUSED_FUNCTION = YES;
				GCC_WARN_UNUSED_VARIABLE = YES;
				MTL_ENABLE_DEBUG_INFO = INCLUDE_SOURCE;
				MTL_FAST_MATH = YES;
				ONLY_ACTIVE_ARCH = YES;
				SWIFT_ACTIVE_COMPILATION_CONDITIONS = DEBUG;
				SWIFT_OPTIMIZATION_LEVEL = "-Onone";
			};
			name = Debug;
		};
		3B326CA125E0B8950059705C /* Release */ = {
			isa = XCBuildConfiguration;
			buildSettings = {
				ALWAYS_SEARCH_USER_PATHS = NO;
				CLANG_ANALYZER_NONNULL = YES;
				CLANG_ANALYZER_NUMBER_OBJECT_CONVERSION = YES_AGGRESSIVE;
				CLANG_CXX_LANGUAGE_STANDARD = "gnu++14";
				CLANG_CXX_LIBRARY = "libc++";
				CLANG_ENABLE_MODULES = YES;
				CLANG_ENABLE_OBJC_ARC = YES;
				CLANG_ENABLE_OBJC_WEAK = YES;
				CLANG_WARN_BLOCK_CAPTURE_AUTORELEASING = YES;
				CLANG_WARN_BOOL_CONVERSION = YES;
				CLANG_WARN_COMMA = YES;
				CLANG_WARN_CONSTANT_CONVERSION = YES;
				CLANG_WARN_DEPRECATED_OBJC_IMPLEMENTATIONS = YES;
				CLANG_WARN_DIRECT_OBJC_ISA_USAGE = YES_ERROR;
				CLANG_WARN_DOCUMENTATION_COMMENTS = YES;
				CLANG_WARN_EMPTY_BODY = YES;
				CLANG_WARN_ENUM_CONVERSION = YES;
				CLANG_WARN_INFINITE_RECURSION = YES;
				CLANG_WARN_INT_CONVERSION = YES;
				CLANG_WARN_NON_LITERAL_NULL_CONVERSION = YES;
				CLANG_WARN_OBJC_IMPLICIT_RETAIN_SELF = YES;
				CLANG_WARN_OBJC_LITERAL_CONVERSION = YES;
				CLANG_WARN_OBJC_ROOT_CLASS = YES_ERROR;
				CLANG_WARN_QUOTED_INCLUDE_IN_FRAMEWORK_HEADER = YES;
				CLANG_WARN_RANGE_LOOP_ANALYSIS = YES;
				CLANG_WARN_STRICT_PROTOTYPES = YES;
				CLANG_WARN_SUSPICIOUS_MOVE = YES;
				CLANG_WARN_UNGUARDED_AVAILABILITY = YES_AGGRESSIVE;
				CLANG_WARN_UNREACHABLE_CODE = YES;
				CLANG_WARN__DUPLICATE_METHOD_MATCH = YES;
				COPY_PHASE_STRIP = NO;
				DEBUG_INFORMATION_FORMAT = "dwarf-with-dsym";
				ENABLE_NS_ASSERTIONS = NO;
				ENABLE_STRICT_OBJC_MSGSEND = YES;
				GCC_C_LANGUAGE_STANDARD = gnu11;
				GCC_NO_COMMON_BLOCKS = YES;
				GCC_WARN_64_TO_32_BIT_CONVERSION = YES;
				GCC_WARN_ABOUT_RETURN_TYPE = YES_ERROR;
				GCC_WARN_UNDECLARED_SELECTOR = YES;
				GCC_WARN_UNINITIALIZED_AUTOS = YES_AGGRESSIVE;
				GCC_WARN_UNUSED_FUNCTION = YES;
				GCC_WARN_UNUSED_VARIABLE = YES;
				MTL_ENABLE_DEBUG_INFO = NO;
				MTL_FAST_MATH = YES;
				SWIFT_COMPILATION_MODE = wholemodule;
				SWIFT_OPTIMIZATION_LEVEL = "-O";
			};
			name = Release;
		};
		3B326CA325E0B8950059705C /* Debug */ = {
			isa = XCBuildConfiguration;
			buildSettings = {
				CODE_SIGN_STYLE = Automatic;
				DEVELOPMENT_TEAM = MZS6GWM7ZN;
				INFOPLIST_FILE = "AppleWatchFace watchOS App Extension/Info.plist";
				LD_RUNPATH_SEARCH_PATHS = (
					"$(inherited)",
					"@executable_path/Frameworks",
					"@executable_path/../../Frameworks",
				);
				PRODUCT_BUNDLE_IDENTIFIER = com.antk.AppleWatchFace.watchkitapp.watchkitextension;
				PRODUCT_NAME = "AppleWatchFace Extension";
				SDKROOT = watchos;
				SKIP_INSTALL = YES;
				SWIFT_VERSION = 5.0;
				TARGETED_DEVICE_FAMILY = 4;
				WATCHOS_DEPLOYMENT_TARGET = 7.0;
			};
			name = Debug;
		};
		3B326CA425E0B8950059705C /* Release */ = {
			isa = XCBuildConfiguration;
			buildSettings = {
				CODE_SIGN_STYLE = Automatic;
				DEVELOPMENT_TEAM = MZS6GWM7ZN;
				INFOPLIST_FILE = "AppleWatchFace watchOS App Extension/Info.plist";
				LD_RUNPATH_SEARCH_PATHS = (
					"$(inherited)",
					"@executable_path/Frameworks",
					"@executable_path/../../Frameworks",
				);
				PRODUCT_BUNDLE_IDENTIFIER = com.antk.AppleWatchFace.watchkitapp.watchkitextension;
				PRODUCT_NAME = "AppleWatchFace Extension";
				SDKROOT = watchos;
				SKIP_INSTALL = YES;
				SWIFT_VERSION = 5.0;
				TARGETED_DEVICE_FAMILY = 4;
				VALIDATE_PRODUCT = YES;
				WATCHOS_DEPLOYMENT_TARGET = 7.0;
			};
			name = Release;
		};
		3B326CA725E0B8950059705C /* Debug */ = {
			isa = XCBuildConfiguration;
			buildSettings = {
				ALWAYS_EMBED_SWIFT_STANDARD_LIBRARIES = YES;
				ASSETCATALOG_COMPILER_APPICON_NAME = AppIcon;
				ASSETCATALOG_COMPILER_GLOBAL_ACCENT_COLOR_NAME = AccentColor;
				CODE_SIGN_STYLE = Automatic;
				DEVELOPMENT_TEAM = MZS6GWM7ZN;
				IBSC_MODULE = AppleWatchFace_Extension;
				INFOPLIST_FILE = "AppleWatchFace watchOS App/Info.plist";
				PRODUCT_BUNDLE_IDENTIFIER = com.antk.AppleWatchFace.watchkitapp;
				PRODUCT_NAME = AppleWatchFace;
				SDKROOT = watchos;
				SKIP_INSTALL = YES;
				SWIFT_VERSION = 5.0;
				TARGETED_DEVICE_FAMILY = 4;
				WATCHOS_DEPLOYMENT_TARGET = 7.0;
			};
			name = Debug;
		};
		3B326CA825E0B8950059705C /* Release */ = {
			isa = XCBuildConfiguration;
			buildSettings = {
				ALWAYS_EMBED_SWIFT_STANDARD_LIBRARIES = YES;
				ASSETCATALOG_COMPILER_APPICON_NAME = AppIcon;
				ASSETCATALOG_COMPILER_GLOBAL_ACCENT_COLOR_NAME = AccentColor;
				CODE_SIGN_STYLE = Automatic;
				DEVELOPMENT_TEAM = MZS6GWM7ZN;
				IBSC_MODULE = AppleWatchFace_Extension;
				INFOPLIST_FILE = "AppleWatchFace watchOS App/Info.plist";
				PRODUCT_BUNDLE_IDENTIFIER = com.antk.AppleWatchFace.watchkitapp;
				PRODUCT_NAME = AppleWatchFace;
				SDKROOT = watchos;
				SKIP_INSTALL = YES;
				SWIFT_VERSION = 5.0;
				TARGETED_DEVICE_FAMILY = 4;
				VALIDATE_PRODUCT = YES;
				WATCHOS_DEPLOYMENT_TARGET = 7.0;
			};
			name = Release;
		};
		3B326CAB25E0B8950059705C /* Debug */ = {
			isa = XCBuildConfiguration;
			buildSettings = {
				ASSETCATALOG_COMPILER_APPICON_NAME = AppIcon;
				ASSETCATALOG_COMPILER_GLOBAL_ACCENT_COLOR_NAME = AccentColor;
				CODE_SIGN_STYLE = Automatic;
				DEVELOPMENT_TEAM = MZS6GWM7ZN;
				INFOPLIST_FILE = "AppleWatchFace iOS/Info.plist";
				IPHONEOS_DEPLOYMENT_TARGET = 14.1;
				LD_RUNPATH_SEARCH_PATHS = (
					"$(inherited)",
					"@executable_path/Frameworks",
				);
				PRODUCT_BUNDLE_IDENTIFIER = com.antk.AppleWatchFace;
				PRODUCT_NAME = AppleWatchFace;
				SDKROOT = iphoneos;
				SWIFT_VERSION = 5.0;
				TARGETED_DEVICE_FAMILY = "1,2";
			};
			name = Debug;
		};
		3B326CAC25E0B8950059705C /* Release */ = {
			isa = XCBuildConfiguration;
			buildSettings = {
				ASSETCATALOG_COMPILER_APPICON_NAME = AppIcon;
				ASSETCATALOG_COMPILER_GLOBAL_ACCENT_COLOR_NAME = AccentColor;
				CODE_SIGN_STYLE = Automatic;
				DEVELOPMENT_TEAM = MZS6GWM7ZN;
				INFOPLIST_FILE = "AppleWatchFace iOS/Info.plist";
				IPHONEOS_DEPLOYMENT_TARGET = 14.1;
				LD_RUNPATH_SEARCH_PATHS = (
					"$(inherited)",
					"@executable_path/Frameworks",
				);
				PRODUCT_BUNDLE_IDENTIFIER = com.antk.AppleWatchFace;
				PRODUCT_NAME = AppleWatchFace;
				SDKROOT = iphoneos;
				SWIFT_VERSION = 5.0;
				TARGETED_DEVICE_FAMILY = "1,2";
				VALIDATE_PRODUCT = YES;
			};
			name = Release;
		};
/* End XCBuildConfiguration section */

/* Begin XCConfigurationList section */
		3B326C6825E0B8910059705C /* Build configuration list for PBXProject "AppleWatchFace" */ = {
			isa = XCConfigurationList;
			buildConfigurations = (
				3B326CA025E0B8950059705C /* Debug */,
				3B326CA125E0B8950059705C /* Release */,
			);
			defaultConfigurationIsVisible = 0;
			defaultConfigurationName = Release;
		};
		3B326CA225E0B8950059705C /* Build configuration list for PBXNativeTarget "AppleWatchFace watchOS App Extension" */ = {
			isa = XCConfigurationList;
			buildConfigurations = (
				3B326CA325E0B8950059705C /* Debug */,
				3B326CA425E0B8950059705C /* Release */,
			);
			defaultConfigurationIsVisible = 0;
			defaultConfigurationName = Release;
		};
		3B326CA625E0B8950059705C /* Build configuration list for PBXNativeTarget "AppleWatchFace watchOS App" */ = {
			isa = XCConfigurationList;
			buildConfigurations = (
				3B326CA725E0B8950059705C /* Debug */,
				3B326CA825E0B8950059705C /* Release */,
			);
			defaultConfigurationIsVisible = 0;
			defaultConfigurationName = Release;
		};
		3B326CAA25E0B8950059705C /* Build configuration list for PBXNativeTarget "AppleWatchFace iOS" */ = {
			isa = XCConfigurationList;
			buildConfigurations = (
				3B326CAB25E0B8950059705C /* Debug */,
				3B326CAC25E0B8950059705C /* Release */,
			);
			defaultConfigurationIsVisible = 0;
			defaultConfigurationName = Release;
		};
/* End XCConfigurationList section */
	};
	rootObject = 3B326C6525E0B8910059705C /* Project object */;
}
